
Microsoft Visual Studio Solution File, Format Version 12.00
# Visual Studio Version 16
VisualStudioVersion = 16.0.29215.179
MinimumVisualStudioVersion = 10.0.40219.1
Project("{FAE04EC0-301F-11D3-BF4B-00C04F79EFBC}") = "CharacterCreation", "CharacterCreation\CharacterCreation.csproj", "{B0826F84-909F-4F3A-854C-3E9428CF1D8C}"
EndProject
Global
	GlobalSection(SolutionConfigurationPlatforms) = preSolution
		Debug|Any CPU = Debug|Any CPU
		Release|Any CPU = Release|Any CPU
	EndGlobalSection
	GlobalSection(ProjectConfigurationPlatforms) = postSolution
		{B0826F84-909F-4F3A-854C-3E9428CF1D8C}.Debug|Any CPU.ActiveCfg = Debug|Any CPU
		{B0826F84-909F-4F3A-854C-3E9428CF1D8C}.Debug|Any CPU.Build.0 = Debug|Any CPU
		{B0826F84-909F-4F3A-854C-3E9428CF1D8C}.Release|Any CPU.ActiveCfg = Release|Any CPU
		{B0826F84-909F-4F3A-854C-3E9428CF1D8C}.Release|Any CPU.Build.0 = Release|Any CPU
	EndGlobalSection
	GlobalSection(SolutionProperties) = preSolution
		HideSolutionNode = FALSE
	EndGlobalSection
	GlobalSection(ExtensibilityGlobals) = postSolution
		SolutionGuid = {8906B19E-873D-4045-8C4A-904CC4EE4EBE}
	EndGlobalSection
EndGlobal
